
Microsoft Visual Studio Solution File, Format Version 12.00
# Visual Studio Version 16
VisualStudioVersion = 16.0.30804.86
MinimumVisualStudioVersion = 10.0.40219.1
Project("{FAE04EC0-301F-11D3-BF4B-00C04F79EFBC}") = "BestBuyBestPractices", "BestBuyBestPractices\BestBuyBestPractices.csproj", "{2C665EC5-71A7-4B92-BB00-C01C3D528FF5}"
EndProject
Global
	GlobalSection(SolutionConfigurationPlatforms) = preSolution
		Debug|Any CPU = Debug|Any CPU
		Release|Any CPU = Release|Any CPU
	EndGlobalSection
	GlobalSection(ProjectConfigurationPlatforms) = postSolution
		{2C665EC5-71A7-4B92-BB00-C01C3D528FF5}.Debug|Any CPU.ActiveCfg = Debug|Any CPU
		{2C665EC5-71A7-4B92-BB00-C01C3D528FF5}.Debug|Any CPU.Build.0 = Debug|Any CPU
		{2C665EC5-71A7-4B92-BB00-C01C3D528FF5}.Release|Any CPU.ActiveCfg = Release|Any CPU
		{2C665EC5-71A7-4B92-BB00-C01C3D528FF5}.Release|Any CPU.Build.0 = Release|Any CPU
	EndGlobalSection
	GlobalSection(SolutionProperties) = preSolution
		HideSolutionNode = FALSE
	EndGlobalSection
	GlobalSection(ExtensibilityGlobals) = postSolution
		SolutionGuid = {FF4E7515-578D-4D0E-9991-E36C96E15740}
	EndGlobalSection
EndGlobal
